{
  "name": "consul-registered",
  "version": "1.0.0",
  "lockfileVersion": 2,
  "requires": true,
  "packages": {
    "": {
      "name": "consul-registered",
      "version": "1.0.0",
      "license": "ISC",
      "dependencies": {
        "consul": "^1.0.1"
      }
    },
    "node_modules/consul": {
      "version": "1.0.1",
      "resolved": "https://registry.npmjs.org/consul/-/consul-1.0.1.tgz",
      "integrity": "sha512-EdrhVDk32kfLcgwFfMqWpQFqArvhnJOsKD1JjTbCPrw8S9DphygjrObKoHXOQ7jx+/3SbasLjAWvrpXzzKGtaw==",
      "dependencies": {
        "papi": "^1.1.0"
      }
    },
    "node_modules/papi": {
      "version": "1.1.0",
      "resolved": "https://registry.npmjs.org/papi/-/papi-1.1.0.tgz",
      "integrity": "sha512-w02EYhPtKYAGB8XJz+yi5WJPfSev1Zfo3vZrqqvHN6LvkIIJKfJ+VwAnL9EanBMcg6G8Bbwgxh7cqirfsJn2IQ==",
      "engines": {
        "node": ">=10.0.0"
      }
    }
  },
  "dependencies": {
    "consul": {
      "version": "1.0.1",
      "resolved": "https://registry.npmjs.org/consul/-/consul-1.0.1.tgz",
      "integrity": "sha512-EdrhVDk32kfLcgwFfMqWpQFqArvhnJOsKD1JjTbCPrw8S9DphygjrObKoHXOQ7jx+/3SbasLjAWvrpXzzKGtaw==",
      "requires": {
        "papi": "^1.1.0"
      }
    },
    "papi": {
      "version": "1.1.0",
      "resolved": "https://registry.npmjs.org/papi/-/papi-1.1.0.tgz",
      "integrity": "sha512-w02EYhPtKYAGB8XJz+yi5WJPfSev1Zfo3vZrqqvHN6LvkIIJKfJ+VwAnL9EanBMcg6G8Bbwgxh7cqirfsJn2IQ=="
    }
  }
}
